
Microsoft Visual Studio Solution File, Format Version 12.00
# Visual Studio Version 17
VisualStudioVersion = 17.7.34024.191
MinimumVisualStudioVersion = 10.0.40219.1
Project("{FAE04EC0-301F-11D3-BF4B-00C04F79EFBC}") = "wq", "wq\wq.csproj", "{C77606B7-9D05-4F71-B29C-9EA2FB1617A5}"
EndProject
Global
	GlobalSection(SolutionConfigurationPlatforms) = preSolution
		Debug|Any CPU = Debug|Any CPU
		Release|Any CPU = Release|Any CPU
	EndGlobalSection
	GlobalSection(ProjectConfigurationPlatforms) = postSolution
		{C77606B7-9D05-4F71-B29C-9EA2FB1617A5}.Debug|Any CPU.ActiveCfg = Debug|Any CPU
		{C77606B7-9D05-4F71-B29C-9EA2FB1617A5}.Debug|Any CPU.Build.0 = Debug|Any CPU
		{C77606B7-9D05-4F71-B29C-9EA2FB1617A5}.Release|Any CPU.ActiveCfg = Release|Any CPU
		{C77606B7-9D05-4F71-B29C-9EA2FB1617A5}.Release|Any CPU.Build.0 = Release|Any CPU
	EndGlobalSection
	GlobalSection(SolutionProperties) = preSolution
		HideSolutionNode = FALSE
	EndGlobalSection
	GlobalSection(ExtensibilityGlobals) = postSolution
		SolutionGuid = {7CC4B559-F861-49C7-A47C-884D62C2DEC8}
	EndGlobalSection
EndGlobal
